
Microsoft Visual Studio Solution File, Format Version 12.00
# Visual Studio Version 16
VisualStudioVersion = 16.0.29911.84
MinimumVisualStudioVersion = 10.0.40219.1
Project("{8BC9CEB8-8B4A-11D0-8D11-00A0C91BC942}") = "lb2_v5", "lb2_v5\lb2_v5.vcxproj", "{D1FA6923-9A1E-46CF-9958-A9795BE0ED38}"
EndProject
Global
	GlobalSection(SolutionConfigurationPlatforms) = preSolution
		Debug|x64 = Debug|x64
		Debug|x86 = Debug|x86
		Release|x64 = Release|x64
		Release|x86 = Release|x86
	EndGlobalSection
	GlobalSection(ProjectConfigurationPlatforms) = postSolution
		{D1FA6923-9A1E-46CF-9958-A9795BE0ED38}.Debug|x64.ActiveCfg = Debug|x64
		{D1FA6923-9A1E-46CF-9958-A9795BE0ED38}.Debug|x64.Build.0 = Debug|x64
		{D1FA6923-9A1E-46CF-9958-A9795BE0ED38}.Debug|x86.ActiveCfg = Debug|Win32
		{D1FA6923-9A1E-46CF-9958-A9795BE0ED38}.Debug|x86.Build.0 = Debug|Win32
		{D1FA6923-9A1E-46CF-9958-A9795BE0ED38}.Release|x64.ActiveCfg = Release|x64
		{D1FA6923-9A1E-46CF-9958-A9795BE0ED38}.Release|x64.Build.0 = Release|x64
		{D1FA6923-9A1E-46CF-9958-A9795BE0ED38}.Release|x86.ActiveCfg = Release|Win32
		{D1FA6923-9A1E-46CF-9958-A9795BE0ED38}.Release|x86.Build.0 = Release|Win32
	EndGlobalSection
	GlobalSection(SolutionProperties) = preSolution
		HideSolutionNode = FALSE
	EndGlobalSection
	GlobalSection(ExtensibilityGlobals) = postSolution
		SolutionGuid = {02FA1FCF-C671-4971-8D73-B6A725B487D9}
	EndGlobalSection
EndGlobal
